
Microsoft Visual Studio Solution File, Format Version 12.00
Project("{FAE04EC0-301F-11D3-BF4B-00C04F79EFBC}") = "Music.Bogus", "Music.Bogus\Music.Bogus.csproj", "{074F2AA0-3841-4EB8-85C4-1F3738700847}"
EndProject
Project("{FAE04EC0-301F-11D3-BF4B-00C04F79EFBC}") = "Music.Bogus.Tests", "Music.Bogus.Tests\Music.Bogus.Tests.csproj", "{920B8A48-FA2C-4077-8F65-ADAC2D2F4CC9}"
EndProject
Global
	GlobalSection(SolutionConfigurationPlatforms) = preSolution
		Debug|Any CPU = Debug|Any CPU
		Release|Any CPU = Release|Any CPU
	EndGlobalSection
	GlobalSection(ProjectConfigurationPlatforms) = postSolution
		{074F2AA0-3841-4EB8-85C4-1F3738700847}.Debug|Any CPU.ActiveCfg = Debug|Any CPU
		{074F2AA0-3841-4EB8-85C4-1F3738700847}.Debug|Any CPU.Build.0 = Debug|Any CPU
		{074F2AA0-3841-4EB8-85C4-1F3738700847}.Release|Any CPU.ActiveCfg = Release|Any CPU
		{074F2AA0-3841-4EB8-85C4-1F3738700847}.Release|Any CPU.Build.0 = Release|Any CPU
		{920B8A48-FA2C-4077-8F65-ADAC2D2F4CC9}.Debug|Any CPU.ActiveCfg = Debug|Any CPU
		{920B8A48-FA2C-4077-8F65-ADAC2D2F4CC9}.Debug|Any CPU.Build.0 = Debug|Any CPU
		{920B8A48-FA2C-4077-8F65-ADAC2D2F4CC9}.Release|Any CPU.ActiveCfg = Release|Any CPU
		{920B8A48-FA2C-4077-8F65-ADAC2D2F4CC9}.Release|Any CPU.Build.0 = Release|Any CPU
	EndGlobalSection
EndGlobal
